# THIS IS AN AUTOGENERATED FILE. DO NOT EDIT THIS FILE DIRECTLY.
# yarn lockfile v1


"7zip-bin@~4.1.0":
  version "4.1.0"
  resolved "https://registry.yarnpkg.com/7zip-bin/-/7zip-bin-4.1.0.tgz#33eff662a5c39c0c2061170cc003c5120743fff0"
  integrity sha512-AsnBZN3a8/JcNt+KPkGGODaA4c7l3W5+WpeKgGSbstSLxqWtTXqd1ieJGBQ8IFCtRg8DmmKUcSkIkUc0A4p3YA==

"@babel/code-frame@^7.0.0":
  version "7.0.0"
  resolved "https://registry.yarnpkg.com/@babel/code-frame/-/code-frame-7.0.0.tgz#06e2ab19bdb535385559aabb5ba59729482800f8"
  integrity sha512-OfC2uemaknXr87bdLUkWog7nYuliM9Ij5HUcajsVcMCpQrcLmtxRbVFTIqmcSkSeYRBFBRxs2FiUqFJDLdiebA==
  dependencies:
    "@babel/highlight" "^7.0.0"

"@babel/core@^7.0.0":
  version "7.4.0"
  resolved "https://registry.yarnpkg.com/@babel/core/-/core-7.4.0.tgz#248fd6874b7d755010bfe61f557461d4f446d9e9"
  integrity sha512-Dzl7U0/T69DFOTwqz/FJdnOSWS57NpjNfCwMKHABr589Lg8uX1RrlBIJ7L5Dubt/xkLsx0xH5EBFzlBVes1ayA==
  dependencies:
    "@babel/code-frame" "^7.0.0"
    "@babel/generator" "^7.4.0"
    "@babel/helpers" "^7.4.0"
    "@babel/parser" "^7.4.0"
    "@babel/template" "^7.4.0"
    "@babel/traverse" "^7.4.0"
    "@babel/types" "^7.4.0"
    convert-source-map "^1.1.0"
    debug "^4.1.0"
    json5 "^2.1.0"
    lodash "^4.17.11"
    resolve "^1.3.2"
    semver "^5.4.1"
    source-map "^0.5.0"

"@babel/generator@^7.4.0":
  version "7.4.0"
  resolved "https://registry.yarnpkg.com/@babel/generator/-/generator-7.4.0.tgz#c230e79589ae7a729fd4631b9ded4dc220418196"
  integrity sha512-/v5I+a1jhGSKLgZDcmAUZ4K/VePi43eRkUs3yePW1HB1iANOD5tqJX